
Microsoft Visual Studio Solution File, Format Version 12.00
# Visual Studio Version 16
VisualStudioVersion = 16.0.30907.101
MinimumVisualStudioVersion = 10.0.40219.1
Project("{FAE04EC0-301F-11D3-BF4B-00C04F79EFBC}") = "asp-net-fourth-assignment", "asp-net-fourth-assignment.csproj", "{0DAA26DF-4AE0-48F3-BCB0-655154A4317D}"
EndProject
Global
	GlobalSection(SolutionConfigurationPlatforms) = preSolution
		Debug|Any CPU = Debug|Any CPU
		Release|Any CPU = Release|Any CPU
	EndGlobalSection
	GlobalSection(ProjectConfigurationPlatforms) = postSolution
		{0DAA26DF-4AE0-48F3-BCB0-655154A4317D}.Debug|Any CPU.ActiveCfg = Debug|Any CPU
		{0DAA26DF-4AE0-48F3-BCB0-655154A4317D}.Debug|Any CPU.Build.0 = Debug|Any CPU
		{0DAA26DF-4AE0-48F3-BCB0-655154A4317D}.Release|Any CPU.ActiveCfg = Release|Any CPU
		{0DAA26DF-4AE0-48F3-BCB0-655154A4317D}.Release|Any CPU.Build.0 = Release|Any CPU
	EndGlobalSection
	GlobalSection(SolutionProperties) = preSolution
		HideSolutionNode = FALSE
	EndGlobalSection
	GlobalSection(ExtensibilityGlobals) = postSolution
		SolutionGuid = {79069498-88D3-40B5-BD5F-C4A93A10D1FB}
	EndGlobalSection
EndGlobal
